{
    "requires": true,
    "lockfileVersion": 1,
    "dependencies": {
        "crossvent": {
            "version": "1.5.5",
            "resolved": "http://erp.asimov.mx:4873/crossvent/-/crossvent-1.5.5.tgz",
            "integrity": "sha1-rSCHjkkh6b5z2daXb4suzQ9xoLE=",
            "requires": {
                "custom-event": "^1.0.0"
            }
        },
        "custom-event": {
            "version": "1.0.1",
            "resolved": "http://erp.asimov.mx:4873/custom-event/-/custom-event-1.0.1.tgz",
            "integrity": "sha1-XQKkaFCt8bSjF5RqOSj8y1v9BCU="
        }
    }
}
